
Microsoft Visual Studio Solution File, Format Version 12.00
# Visual Studio Version 16
VisualStudioVersion = 16.0.31624.102
MinimumVisualStudioVersion = 10.0.40219.1
Project("{9A19103F-16F7-4668-BE54-9A1E7A4F7556}") = "Notino.API", "Notino.API\Notino.API.csproj", "{D4770126-24E5-46B7-8E82-5080469F4BFB}"
EndProject
Project("{9A19103F-16F7-4668-BE54-9A1E7A4F7556}") = "Notino.Common", "Notino.Common\Notino.Common.csproj", "{7A8DD3AB-2BCA-49E7-8633-BCA1395458A7}"
EndProject
Project("{9A19103F-16F7-4668-BE54-9A1E7A4F7556}") = "Notino.Service", "Notino.Services\Notino.Service.csproj", "{9AC665C6-FF8E-4029-B3A7-425D8872C19A}"
EndProject
Project("{9A19103F-16F7-4668-BE54-9A1E7A4F7556}") = "Notino.DAL", "Notino.Data\Notino.DAL.csproj", "{34830CB8-3774-49C5-8544-E2AC11FB2360}"
EndProject
Project("{FAE04EC0-301F-11D3-BF4B-00C04F79EFBC}") = "Notino.WebApp", "Notino.WebApp\Notino.WebApp.csproj", "{0F04CD24-27D6-46DE-A3F6-64C37CE50987}"
EndProject
Project("{FAE04EC0-301F-11D3-BF4B-00C04F79EFBC}") = "Notino.Service.Tests", "Notino.Service.Tests\Notino.Service.Tests.csproj", "{EA2ABF81-416B-4F2F-96AF-6F01364E622B}"
EndProject
Global
	GlobalSection(SolutionConfigurationPlatforms) = preSolution
		Debug|Any CPU = Debug|Any CPU
		Release|Any CPU = Release|Any CPU
	EndGlobalSection
	GlobalSection(ProjectConfigurationPlatforms) = postSolution
		{D4770126-24E5-46B7-8E82-5080469F4BFB}.Debug|Any CPU.ActiveCfg = Debug|Any CPU
		{D4770126-24E5-46B7-8E82-5080469F4BFB}.Debug|Any CPU.Build.0 = Debug|Any CPU
		{D4770126-24E5-46B7-8E82-5080469F4BFB}.Release|Any CPU.ActiveCfg = Release|Any CPU
		{D4770126-24E5-46B7-8E82-5080469F4BFB}.Release|Any CPU.Build.0 = Release|Any CPU
		{7A8DD3AB-2BCA-49E7-8633-BCA1395458A7}.Debug|Any CPU.ActiveCfg = Debug|Any CPU
		{7A8DD3AB-2BCA-49E7-8633-BCA1395458A7}.Debug|Any CPU.Build.0 = Debug|Any CPU
		{7A8DD3AB-2BCA-49E7-8633-BCA1395458A7}.Release|Any CPU.ActiveCfg = Release|Any CPU
		{7A8DD3AB-2BCA-49E7-8633-BCA1395458A7}.Release|Any CPU.Build.0 = Release|Any CPU
		{9AC665C6-FF8E-4029-B3A7-425D8872C19A}.Debug|Any CPU.ActiveCfg = Debug|Any CPU
		{9AC665C6-FF8E-4029-B3A7-425D8872C19A}.Debug|Any CPU.Build.0 = Debug|Any CPU
		{9AC665C6-FF8E-4029-B3A7-425D8872C19A}.Release|Any CPU.ActiveCfg = Release|Any CPU
		{9AC665C6-FF8E-4029-B3A7-425D8872C19A}.Release|Any CPU.Build.0 = Release|Any CPU
		{34830CB8-3774-49C5-8544-E2AC11FB2360}.Debug|Any CPU.ActiveCfg = Debug|Any CPU
		{34830CB8-3774-49C5-8544-E2AC11FB2360}.Debug|Any CPU.Build.0 = Debug|Any CPU
		{34830CB8-3774-49C5-8544-E2AC11FB2360}.Release|Any CPU.ActiveCfg = Release|Any CPU
		{34830CB8-3774-49C5-8544-E2AC11FB2360}.Release|Any CPU.Build.0 = Release|Any CPU
		{0F04CD24-27D6-46DE-A3F6-64C37CE50987}.Debug|Any CPU.ActiveCfg = Debug|Any CPU
		{0F04CD24-27D6-46DE-A3F6-64C37CE50987}.Debug|Any CPU.Build.0 = Debug|Any CPU
		{0F04CD24-27D6-46DE-A3F6-64C37CE50987}.Release|Any CPU.ActiveCfg = Release|Any CPU
		{0F04CD24-27D6-46DE-A3F6-64C37CE50987}.Release|Any CPU.Build.0 = Release|Any CPU
		{EA2ABF81-416B-4F2F-96AF-6F01364E622B}.Debug|Any CPU.ActiveCfg = Debug|Any CPU
		{EA2ABF81-416B-4F2F-96AF-6F01364E622B}.Debug|Any CPU.Build.0 = Debug|Any CPU
		{EA2ABF81-416B-4F2F-96AF-6F01364E622B}.Release|Any CPU.ActiveCfg = Release|Any CPU
		{EA2ABF81-416B-4F2F-96AF-6F01364E622B}.Release|Any CPU.Build.0 = Release|Any CPU
	EndGlobalSection
	GlobalSection(SolutionProperties) = preSolution
		HideSolutionNode = FALSE
	EndGlobalSection
	GlobalSection(ExtensibilityGlobals) = postSolution
		SolutionGuid = {EAB157BE-9C90-41FF-AF7F-68B94D7AC575}
	EndGlobalSection
EndGlobal
